
Microsoft Visual Studio Solution File, Format Version 12.00
# Visual Studio Version 16
VisualStudioVersion = 16.0.29319.158
MinimumVisualStudioVersion = 10.0.40219.1
Project("{2150E333-8FDC-42A3-9474-1A3956D46DE8}") = "src", "src", "{D90CC2C8-1F6C-41CC-B2A9-8F52BF9A4241}"
EndProject
Project("{2150E333-8FDC-42A3-9474-1A3956D46DE8}") = "Core", "Core", "{358EF228-E349-4A23-BB41-722E24BD104C}"
EndProject
Project("{2150E333-8FDC-42A3-9474-1A3956D46DE8}") = "Infrastructure", "Infrastructure", "{CC3260DB-7E50-4A57-93AA-5C88404D772B}"
EndProject
Project("{2150E333-8FDC-42A3-9474-1A3956D46DE8}") = "WebApi", "WebApi", "{9B153B09-71DB-4D8F-BF87-4EDA4715566A}"
	ProjectSection(SolutionItems) = preProject
		..\CleanArchitecture\src\WebUI\appsettings.Development.json = ..\CleanArchitecture\src\WebUI\appsettings.Development.json
		..\CleanArchitecture\src\WebUI\appsettings.json = ..\CleanArchitecture\src\WebUI\appsettings.json
		..\CleanArchitecture\src\WebUI\appsettings.Production.json = ..\CleanArchitecture\src\WebUI\appsettings.Production.json
	EndProjectSection
EndProject
Project("{2150E333-8FDC-42A3-9474-1A3956D46DE8}") = "tests", "tests", "{CAE1B7B3-B5DF-4DF0-AFC4-A5B4FA7719FC}"
EndProject
Project("{2150E333-8FDC-42A3-9474-1A3956D46DE8}") = "Core", "Core", "{C2B0F485-4849-4383-872D-2B826ABF7B1F}"
EndProject
Project("{2150E333-8FDC-42A3-9474-1A3956D46DE8}") = "Infrastructure", "Infrastructure", "{BF3480CE-4A01-4CD9-9DF4-D12675363375}"
EndProject
Project("{2150E333-8FDC-42A3-9474-1A3956D46DE8}") = "WebApi", "WebApi", "{6DD45648-C6F1-4A02-9F1C-549B35AE33B3}"
EndProject
Project("{2150E333-8FDC-42A3-9474-1A3956D46DE8}") = ".repodocs", ".repodocs", "{9A4BF39F-5CB7-41A2-B8C0-A42F9A4EAAD4}"
	ProjectSection(SolutionItems) = preProject
		LICENSE = LICENSE
		README.md = README.md
		SECURITY.md = SECURITY.md
	EndProjectSection
EndProject
Project("{2150E333-8FDC-42A3-9474-1A3956D46DE8}") = ".gitfiles", ".gitfiles", "{D0281AB0-07AF-4B5C-8B9E-1754A1EA65FD}"
	ProjectSection(SolutionItems) = preProject
		.gitattributes = .gitattributes
		.gitignore = .gitignore
	EndProjectSection
EndProject
Project("{2150E333-8FDC-42A3-9474-1A3956D46DE8}") = ".configfiles", ".configfiles", "{40374130-6AA3-4970-BF04-5813BB741D29}"
	ProjectSection(SolutionItems) = preProject
		.editorconfig = .editorconfig
	EndProjectSection
EndProject
Project("{9A19103F-16F7-4668-BE54-9A1E7A4F7556}") = "TichuSensei.Core.Domain", "src\TichuSensei.Core\Domain\TichuSensei.Core.Domain.csproj", "{566A4A43-F72F-460E-9220-34240FC293D8}"
EndProject
Project("{9A19103F-16F7-4668-BE54-9A1E7A4F7556}") = "TichuSensei.Core.Application", "src\TichuSensei.Core\Application\TichuSensei.Core.Application.csproj", "{B889E72A-2B14-49A4-9E4D-52C500A21029}"
EndProject
Project("{9A19103F-16F7-4668-BE54-9A1E7A4F7556}") = "TichuSensei.WebApi", "src\TichuSensei.WebApi\TichuSensei.WebApi.csproj", "{1EAFCDF7-CF81-4272-AA1F-20695938F553}"
EndProject
Project("{E53339B2-1760-4266-BCC7-CA923CBCF16C}") = "docker-compose", "docker-compose.dcproj", "{A99DAED5-75C8-4070-87D6-F208A02CE828}"
EndProject
Project("{2150E333-8FDC-42A3-9474-1A3956D46DE8}") = ".dockerfiles", ".dockerfiles", "{EC2409FB-7757-4FEF-A109-6989F269F1D2}"
EndProject
Project("{9A19103F-16F7-4668-BE54-9A1E7A4F7556}") = "TichuSensei.Infrastructure", "src\TichuSensei.Infrastructure\TichuSensei.Infrastructure.csproj", "{04E0D787-579A-49A2-B2D4-D1C51FFF2281}"
EndProject
Project("{9A19103F-16F7-4668-BE54-9A1E7A4F7556}") = "TichuSensei.Core.Application.Tests", "tests\TichuSensei.Core\Application\TichuSensei.Core.Application.Tests\TichuSensei.Core.Application.Tests.csproj", "{8AE9B4C2-17CC-4AE3-8CBB-C8A7EE90EB07}"
EndProject
Project("{9A19103F-16F7-4668-BE54-9A1E7A4F7556}") = "TichuSensei.Core.Domain.Tests", "tests\TichuSensei.Core\Domain\TichuSensei.Core.Domain.Tests\TichuSensei.Core.Domain.Tests.csproj", "{EC6A47E3-CE7E-4029-8AC3-627FCDC40115}"
EndProject
Project("{9A19103F-16F7-4668-BE54-9A1E7A4F7556}") = "TichuSensei.Infrastructure.Tests", "tests\TichuSensei.Infrastructure\TichuSensei.Infrastructure.Tests\TichuSensei.Infrastructure.Tests.csproj", "{06908532-F41A-4DE7-81E5-0E39B1F18985}"
EndProject
Project("{9A19103F-16F7-4668-BE54-9A1E7A4F7556}") = "TichuSensei.WebApi.Tests", "tests\TichuSensei.WebApi\TichuSensei.WebApi.Tests\TichuSensei.WebApi.Tests.csproj", "{C24E333B-2F01-4A78-8CE9-CCD88B7FE532}"
EndProject
Project("{2150E333-8FDC-42A3-9474-1A3956D46DE8}") = ".settingfiles", ".settingfiles", "{DC1DEC2A-4880-441C-A571-43346AB164A8}"
	ProjectSection(SolutionItems) = preProject
		..\CleanArchitecture\src\WebUI\appsettings.Development.json = ..\CleanArchitecture\src\WebUI\appsettings.Development.json
		..\CleanArchitecture\src\WebUI\appsettings.json = ..\CleanArchitecture\src\WebUI\appsettings.json
		..\CleanArchitecture\src\WebUI\appsettings.Production.json = ..\CleanArchitecture\src\WebUI\appsettings.Production.json
	EndProjectSection
EndProject
Global
	GlobalSection(SolutionConfigurationPlatforms) = preSolution
		Debug|Any CPU = Debug|Any CPU
		Release|Any CPU = Release|Any CPU
	EndGlobalSection
	GlobalSection(ProjectConfigurationPlatforms) = postSolution
		{566A4A43-F72F-460E-9220-34240FC293D8}.Debug|Any CPU.ActiveCfg = Debug|Any CPU
		{566A4A43-F72F-460E-9220-34240FC293D8}.Debug|Any CPU.Build.0 = Debug|Any CPU
		{566A4A43-F72F-460E-9220-34240FC293D8}.Release|Any CPU.ActiveCfg = Release|Any CPU
		{566A4A43-F72F-460E-9220-34240FC293D8}.Release|Any CPU.Build.0 = Release|Any CPU
		{B889E72A-2B14-49A4-9E4D-52C500A21029}.Debug|Any CPU.ActiveCfg = Debug|Any CPU
		{B889E72A-2B14-49A4-9E4D-52C500A21029}.Debug|Any CPU.Build.0 = Debug|Any CPU
		{B889E72A-2B14-49A4-9E4D-52C500A21029}.Release|Any CPU.ActiveCfg = Release|Any CPU
		{B889E72A-2B14-49A4-9E4D-52C500A21029}.Release|Any CPU.Build.0 = Release|Any CPU
		{1EAFCDF7-CF81-4272-AA1F-20695938F553}.Debug|Any CPU.ActiveCfg = Debug|Any CPU
		{1EAFCDF7-CF81-4272-AA1F-20695938F553}.Debug|Any CPU.Build.0 = Debug|Any CPU
		{1EAFCDF7-CF81-4272-AA1F-20695938F553}.Release|Any CPU.ActiveCfg = Release|Any CPU
		{1EAFCDF7-CF81-4272-AA1F-20695938F553}.Release|Any CPU.Build.0 = Release|Any CPU
		{A99DAED5-75C8-4070-87D6-F208A02CE828}.Debug|Any CPU.ActiveCfg = Debug|Any CPU
		{A99DAED5-75C8-4070-87D6-F208A02CE828}.Debug|Any CPU.Build.0 = Debug|Any CPU
		{A99DAED5-75C8-4070-87D6-F208A02CE828}.Release|Any CPU.ActiveCfg = Release|Any CPU
		{A99DAED5-75C8-4070-87D6-F208A02CE828}.Release|Any CPU.Build.0 = Release|Any CPU
		{04E0D787-579A-49A2-B2D4-D1C51FFF2281}.Debug|Any CPU.ActiveCfg = Debug|Any CPU
		{04E0D787-579A-49A2-B2D4-D1C51FFF2281}.Debug|Any CPU.Build.0 = Debug|Any CPU
		{04E0D787-579A-49A2-B2D4-D1C51FFF2281}.Release|Any CPU.ActiveCfg = Release|Any CPU
		{04E0D787-579A-49A2-B2D4-D1C51FFF2281}.Release|Any CPU.Build.0 = Release|Any CPU
		{8AE9B4C2-17CC-4AE3-8CBB-C8A7EE90EB07}.Debug|Any CPU.ActiveCfg = Debug|Any CPU
		{8AE9B4C2-17CC-4AE3-8CBB-C8A7EE90EB07}.Debug|Any CPU.Build.0 = Debug|Any CPU
		{8AE9B4C2-17CC-4AE3-8CBB-C8A7EE90EB07}.Release|Any CPU.ActiveCfg = Release|Any CPU
		{8AE9B4C2-17CC-4AE3-8CBB-C8A7EE90EB07}.Release|Any CPU.Build.0 = Release|Any CPU
		{EC6A47E3-CE7E-4029-8AC3-627FCDC40115}.Debug|Any CPU.ActiveCfg = Debug|Any CPU
		{EC6A47E3-CE7E-4029-8AC3-627FCDC40115}.Debug|Any CPU.Build.0 = Debug|Any CPU
		{EC6A47E3-CE7E-4029-8AC3-627FCDC40115}.Release|Any CPU.ActiveCfg = Release|Any CPU
		{EC6A47E3-CE7E-4029-8AC3-627FCDC40115}.Release|Any CPU.Build.0 = Release|Any CPU
		{06908532-F41A-4DE7-81E5-0E39B1F18985}.Debug|Any CPU.ActiveCfg = Debug|Any CPU
		{06908532-F41A-4DE7-81E5-0E39B1F18985}.Debug|Any CPU.Build.0 = Debug|Any CPU
		{06908532-F41A-4DE7-81E5-0E39B1F18985}.Release|Any CPU.ActiveCfg = Release|Any CPU
		{06908532-F41A-4DE7-81E5-0E39B1F18985}.Release|Any CPU.Build.0 = Release|Any CPU
		{C24E333B-2F01-4A78-8CE9-CCD88B7FE532}.Debug|Any CPU.ActiveCfg = Debug|Any CPU
		{C24E333B-2F01-4A78-8CE9-CCD88B7FE532}.Debug|Any CPU.Build.0 = Debug|Any CPU
		{C24E333B-2F01-4A78-8CE9-CCD88B7FE532}.Release|Any CPU.ActiveCfg = Release|Any CPU
		{C24E333B-2F01-4A78-8CE9-CCD88B7FE532}.Release|Any CPU.Build.0 = Release|Any CPU
	EndGlobalSection
	GlobalSection(SolutionProperties) = preSolution
		HideSolutionNode = FALSE
	EndGlobalSection
	GlobalSection(NestedProjects) = preSolution
		{358EF228-E349-4A23-BB41-722E24BD104C} = {D90CC2C8-1F6C-41CC-B2A9-8F52BF9A4241}
		{CC3260DB-7E50-4A57-93AA-5C88404D772B} = {D90CC2C8-1F6C-41CC-B2A9-8F52BF9A4241}
		{9B153B09-71DB-4D8F-BF87-4EDA4715566A} = {D90CC2C8-1F6C-41CC-B2A9-8F52BF9A4241}
		{C2B0F485-4849-4383-872D-2B826ABF7B1F} = {CAE1B7B3-B5DF-4DF0-AFC4-A5B4FA7719FC}
		{BF3480CE-4A01-4CD9-9DF4-D12675363375} = {CAE1B7B3-B5DF-4DF0-AFC4-A5B4FA7719FC}
		{6DD45648-C6F1-4A02-9F1C-549B35AE33B3} = {CAE1B7B3-B5DF-4DF0-AFC4-A5B4FA7719FC}
		{566A4A43-F72F-460E-9220-34240FC293D8} = {358EF228-E349-4A23-BB41-722E24BD104C}
		{B889E72A-2B14-49A4-9E4D-52C500A21029} = {358EF228-E349-4A23-BB41-722E24BD104C}
		{1EAFCDF7-CF81-4272-AA1F-20695938F553} = {9B153B09-71DB-4D8F-BF87-4EDA4715566A}
		{A99DAED5-75C8-4070-87D6-F208A02CE828} = {EC2409FB-7757-4FEF-A109-6989F269F1D2}
		{04E0D787-579A-49A2-B2D4-D1C51FFF2281} = {CC3260DB-7E50-4A57-93AA-5C88404D772B}
		{8AE9B4C2-17CC-4AE3-8CBB-C8A7EE90EB07} = {C2B0F485-4849-4383-872D-2B826ABF7B1F}
		{EC6A47E3-CE7E-4029-8AC3-627FCDC40115} = {C2B0F485-4849-4383-872D-2B826ABF7B1F}
		{06908532-F41A-4DE7-81E5-0E39B1F18985} = {BF3480CE-4A01-4CD9-9DF4-D12675363375}
		{C24E333B-2F01-4A78-8CE9-CCD88B7FE532} = {6DD45648-C6F1-4A02-9F1C-549B35AE33B3}
	EndGlobalSection
	GlobalSection(ExtensibilityGlobals) = postSolution
		SolutionGuid = {3CB609D9-5D54-4C11-A371-DAAC8B74E430}
	EndGlobalSection
EndGlobal
